
Microsoft Visual Studio Solution File, Format Version 12.00
# Visual Studio Version 17
VisualStudioVersion = 17.14.36518.9 d17.14
MinimumVisualStudioVersion = 10.0.40219.1
Project("{FAE04EC0-301F-11D3-BF4B-00C04F79EFBC}") = "MyWebAPI", "MyWebAPI\MyWebAPI.csproj", "{F5DD4506-E86D-2466-F17E-FD9C5F8606B0}"
EndProject
Project("{FAE04EC0-301F-11D3-BF4B-00C04F79EFBC}") = "MyWebAPI.AppHost", "MyWebAPI.AppHost\MyWebAPI.AppHost.csproj", "{A40FE8D8-4377-41E9-B9F5-DB0EF1AE64DE}"
EndProject
Project("{FAE04EC0-301F-11D3-BF4B-00C04F79EFBC}") = "MyWebAPI.ServiceDefaults", "MyWebAPI.ServiceDefaults\MyWebAPI.ServiceDefaults.csproj", "{B650E119-4566-CAF7-759D-C64A16A1C5C9}"
EndProject
Global
	GlobalSection(SolutionConfigurationPlatforms) = preSolution
		Debug|Any CPU = Debug|Any CPU
		Release|Any CPU = Release|Any CPU
	EndGlobalSection
	GlobalSection(ProjectConfigurationPlatforms) = postSolution
		{F5DD4506-E86D-2466-F17E-FD9C5F8606B0}.Debug|Any CPU.ActiveCfg = Debug|Any CPU
		{F5DD4506-E86D-2466-F17E-FD9C5F8606B0}.Debug|Any CPU.Build.0 = Debug|Any CPU
		{F5DD4506-E86D-2466-F17E-FD9C5F8606B0}.Release|Any CPU.ActiveCfg = Release|Any CPU
		{F5DD4506-E86D-2466-F17E-FD9C5F8606B0}.Release|Any CPU.Build.0 = Release|Any CPU
		{A40FE8D8-4377-41E9-B9F5-DB0EF1AE64DE}.Debug|Any CPU.ActiveCfg = Debug|Any CPU
		{A40FE8D8-4377-41E9-B9F5-DB0EF1AE64DE}.Debug|Any CPU.Build.0 = Debug|Any CPU
		{A40FE8D8-4377-41E9-B9F5-DB0EF1AE64DE}.Release|Any CPU.ActiveCfg = Release|Any CPU
		{A40FE8D8-4377-41E9-B9F5-DB0EF1AE64DE}.Release|Any CPU.Build.0 = Release|Any CPU
		{B650E119-4566-CAF7-759D-C64A16A1C5C9}.Debug|Any CPU.ActiveCfg = Debug|Any CPU
		{B650E119-4566-CAF7-759D-C64A16A1C5C9}.Debug|Any CPU.Build.0 = Debug|Any CPU
		{B650E119-4566-CAF7-759D-C64A16A1C5C9}.Release|Any CPU.ActiveCfg = Release|Any CPU
		{B650E119-4566-CAF7-759D-C64A16A1C5C9}.Release|Any CPU.Build.0 = Release|Any CPU
	EndGlobalSection
	GlobalSection(SolutionProperties) = preSolution
		HideSolutionNode = FALSE
	EndGlobalSection
	GlobalSection(ExtensibilityGlobals) = postSolution
		SolutionGuid = {10B56A95-E1FD-497B-BAF8-1CBE5F72D073}
	EndGlobalSection
EndGlobal
